
Microsoft Visual Studio Solution File, Format Version 12.00
# Visual Studio Version 17
VisualStudioVersion = 17.1.32210.238
MinimumVisualStudioVersion = 10.0.40219.1
Project("{9A19103F-16F7-4668-BE54-9A1E7A4F7556}") = "Increasing array size", "GetMax gone a little less primitive\Increasing array size.csproj", "{0F5DAAAB-8E57-453E-9971-1D35E1BCA79A}"
EndProject
Global
	GlobalSection(SolutionConfigurationPlatforms) = preSolution
		Debug|Any CPU = Debug|Any CPU
		Release|Any CPU = Release|Any CPU
	EndGlobalSection
	GlobalSection(ProjectConfigurationPlatforms) = postSolution
		{0F5DAAAB-8E57-453E-9971-1D35E1BCA79A}.Debug|Any CPU.ActiveCfg = Debug|Any CPU
		{0F5DAAAB-8E57-453E-9971-1D35E1BCA79A}.Debug|Any CPU.Build.0 = Debug|Any CPU
		{0F5DAAAB-8E57-453E-9971-1D35E1BCA79A}.Release|Any CPU.ActiveCfg = Release|Any CPU
		{0F5DAAAB-8E57-453E-9971-1D35E1BCA79A}.Release|Any CPU.Build.0 = Release|Any CPU
	EndGlobalSection
	GlobalSection(SolutionProperties) = preSolution
		HideSolutionNode = FALSE
	EndGlobalSection
	GlobalSection(ExtensibilityGlobals) = postSolution
		SolutionGuid = {9708CAD3-5882-4AA4-A4D3-C465714288E7}
	EndGlobalSection
EndGlobal
